
Microsoft Visual Studio Solution File, Format Version 12.00
# Visual Studio 2015
Project("{FAE04EC0-301F-11D3-BF4B-00C04F79EFBC}") = "Neet test.CSharp", "Neet test.CSharp.csproj", "{03AAE108-1436-39DB-97CD-25D52F782394}"
EndProject
Global
	GlobalSection(SolutionConfigurationPlatforms) = preSolution
		Debug|Any CPU = Debug|Any CPU
		Release|Any CPU = Release|Any CPU
	EndGlobalSection
	GlobalSection(ProjectConfigurationPlatforms) = postSolution
		{03AAE108-1436-39DB-97CD-25D52F782394}.Debug|Any CPU.ActiveCfg = Debug|Any CPU
		{03AAE108-1436-39DB-97CD-25D52F782394}.Debug|Any CPU.Build.0 = Debug|Any CPU
		{03AAE108-1436-39DB-97CD-25D52F782394}.Release|Any CPU.ActiveCfg = Release|Any CPU
		{03AAE108-1436-39DB-97CD-25D52F782394}.Release|Any CPU.Build.0 = Release|Any CPU
	EndGlobalSection
	GlobalSection(SolutionProperties) = preSolution
		HideSolutionNode = FALSE
	EndGlobalSection
EndGlobal
